// !$*UTF8*$!
{
	archiveVersion = 1;
	classes = {
	};
	objectVersion = 50;
	objects = {

/* Begin PBXBuildFile section */
		9AD2C99126614BF1006B05E5 /* array_queue.c in Sources */ = {isa = PBXBuildFile; fileRef = 9AD2C99026614BF1006B05E5 /* array_queue.c */; };
		9AD2C99426614C07006B05E5 /* linked_queue.c in Sources */ = {isa = PBXBuildFile; fileRef = 9AD2C99326614C07006B05E5 /* linked_queue.c */; };
		9AF98E47265DE826003AA1F2 /* main.c in Sources */ = {isa = PBXBuildFile; fileRef = 9AF98E46265DE826003AA1F2 /* main.c */; };
/* End PBXBuildFile section */

/* Begin PBXCopyFilesBuildPhase section */
		9AF98E41265DE826003AA1F2 /* CopyFiles */ = {
			isa = PBXCopyFilesBuildPhase;
			buildActionMask = 2147483647;
			dstPath = /usr/share/man/man1/;
			dstSubfolderSpec = 0;
			files = (
			);
			runOnlyForDeploymentPostprocessing = 1;
		};
/* End PBXCopyFilesBuildPhase section */

/* Begin PBXFileReference section */
		9AD2C98F26614BF1006B05E5 /* array_queue.h */ = {isa = PBXFileReference; lastKnownFileType = sourcecode.c.h; path = array_queue.h; sourceTree = "<group>"; };
		9AD2C99026614BF1006B05E5 /* array_queue.c */ = {isa = PBXFileReference; lastKnownFileType = sourcecode.c.c; path = array_queue.c; sourceTree = "<group>"; };
		9AD2C99226614C07006B05E5 /* linked_queue.h */ = {isa = PBXFileReference; lastKnownFileType = sourcecode.c.h; path = linked_queue.h; sourceTree = "<group>"; };
		9AD2C99326614C07006B05E5 /* linked_queue.c */ = {isa = PBXFileReference; lastKnownFileType = sourcecode.c.c; path = linked_queue.c; sourceTree = "<group>"; };
		9AD2C99526614DC4006B05E5 /* basic.h */ = {isa = PBXFileReference; lastKnownFileType = sourcecode.c.h; path = basic.h; sourceTree = "<group>"; };
		9AF98E43265DE826003AA1F2 /* AlgorithmC */ = {isa = PBXFileReference; explicitFileType = "compiled.mach-o.executable"; includeInIndex = 0; path = AlgorithmC; sourceTree = BUILT_PRODUCTS_DIR; };
		9AF98E46265DE826003AA1F2 /* main.c */ = {isa = PBXFileReference; lastKnownFileType = sourcecode.c.c; path = main.c; sourceTree = "<group>"; };
/* End PBXFileReference section */

/* Begin PBXFrameworksBuildPhase section */
		9AF98E40265DE826003AA1F2 /* Frameworks */ = {
			isa = PBXFrameworksBuildPhase;
			buildActionMask = 2147483647;
			files = (
			);
			runOnlyForDeploymentPostprocessing = 0;
		};
/* End PBXFrameworksBuildPhase section */

/* Begin PBXGroup section */
		9AD2C98E266142C8006B05E5 /* Queue */ = {
			isa = PBXGroup;
			children = (
				9AD2C99226614C07006B05E5 /* linked_queue.h */,
				9AD2C99326614C07006B05E5 /* linked_queue.c */,
				9AD2C98F26614BF1006B05E5 /* array_queue.h */,
				9AD2C99026614BF1006B05E5 /* array_queue.c */,
			);
			path = Queue;
			sourceTree = "<group>";
		};
		9AF98E3A265DE826003AA1F2 = {
			isa = PBXGroup;
			children = (
				9AF98E45265DE826003AA1F2 /* AlgorithmC */,
				9AF98E44265DE826003AA1F2 /* Products */,
			);
			sourceTree = "<group>";
		};
		9AF98E44265DE826003AA1F2 /* Products */ = {
			isa = PBXGroup;
			children = (
				9AF98E43265DE826003AA1F2 /* AlgorithmC */,
			);
			name = Products;
			sourceTree = "<group>";
		};
		9AF98E45265DE826003AA1F2 /* AlgorithmC */ = {
			isa = PBXGroup;
			children = (
				9AD2C98E266142C8006B05E5 /* Queue */,
				9AF98E46265DE826003AA1F2 /* main.c */,
				9AD2C99526614DC4006B05E5 /* basic.h */,
			);
			path = AlgorithmC;
			sourceTree = "<group>";
		};
/* End PBXGroup section */

/* Begin PBXNativeTarget section */
		9AF98E42265DE826003AA1F2 /* AlgorithmC */ = {
			isa = PBXNativeTarget;
			buildConfigurationList = 9AF98E4A265DE826003AA1F2 /* Build configuration list for PBXNativeTarget "AlgorithmC" */;
			buildPhases = (
				9AF98E3F265DE826003AA1F2 /* Sources */,
				9AF98E40265DE826003AA1F2 /* Frameworks */,
				9AF98E41265DE826003AA1F2 /* CopyFiles */,
			);
			buildRules = (
			);
			dependencies = (
			);
			name = AlgorithmC;
			productName = AlgorithmC;
			productReference = 9AF98E43265DE826003AA1F2 /* AlgorithmC */;
			productType = "com.apple.product-type.tool";
		};
/* End PBXNativeTarget section */

/* Begin PBXProject section */
		9AF98E3B265DE826003AA1F2 /* Project object */ = {
			isa = PBXProject;
			attributes = {
				LastUpgradeCheck = 1250;
				TargetAttributes = {
					9AF98E42265DE826003AA1F2 = {
						CreatedOnToolsVersion = 12.5;
					};
				};
			};
			buildConfigurationList = 9AF98E3E265DE826003AA1F2 /* Build configuration list for PBXProject "AlgorithmC" */;
			compatibilityVersion = "Xcode 9.3";
			developmentRegion = en;
			hasScannedForEncodings = 0;
			knownRegions = (
				en,
				Base,
			);
			mainGroup = 9AF98E3A265DE826003AA1F2;
			productRefGroup = 9AF98E44265DE826003AA1F2 /* Products */;
			projectDirPath = "";
			projectRoot = "";
			targets = (
				9AF98E42265DE826003AA1F2 /* AlgorithmC */,
			);
		};
/* End PBXProject section */

/* Begin PBXSourcesBuildPhase section */
		9AF98E3F265DE826003AA1F2 /* Sources */ = {
			isa = PBXSourcesBuildPhase;
			buildActionMask = 2147483647;
			files = (
				9AF98E47265DE826003AA1F2 /* main.c in Sources */,
				9AD2C99426614C07006B05E5 /* linked_queue.c in Sources */,
				9AD2C99126614BF1006B05E5 /* array_queue.c in Sources */,
			);
			runOnlyForDeploymentPostprocessing = 0;
		};
/* End PBXSourcesBuildPhase section */

/* Begin XCBuildConfiguration section */
		9AF98E48265DE826003AA1F2 /* Debug */ = {
			isa = XCBuildConfiguration;
			buildSettings = {
				ALWAYS_SEARCH_USER_PATHS = NO;
				CLANG_ANALYZER_NONNULL = YES;
				CLANG_ANALYZER_NUMBER_OBJECT_CONVERSION = YES_AGGRESSIVE;
				CLANG_CXX_LANGUAGE_STANDARD = "gnu++14";
				CLANG_CXX_LIBRARY = "libc++";
				CLANG_ENABLE_MODULES = YES;
				CLANG_ENABLE_OBJC_ARC = YES;
				CLANG_ENABLE_OBJC_WEAK = YES;
				CLANG_WARN_BLOCK_CAPTURE_AUTORELEASING = YES;
				CLANG_WARN_BOOL_CONVERSION = YES;
				CLANG_WARN_COMMA = YES;
				CLANG_WARN_CONSTANT_CONVERSION = YES;
				CLANG_WARN_DEPRECATED_OBJC_IMPLEMENTATIONS = YES;
				CLANG_WARN_DIRECT_OBJC_ISA_USAGE = YES_ERROR;
				CLANG_WARN_DOCUMENTATION_COMMENTS = YES;
				CLANG_WARN_EMPTY_BODY = YES;
				CLANG_WARN_ENUM_CONVERSION = YES;
				CLANG_WARN_INFINITE_RECURSION = YES;
				CLANG_WARN_INT_CONVERSION = YES;
				CLANG_WARN_NON_LITERAL_NULL_CONVERSION = YES;
				CLANG_WARN_OBJC_IMPLICIT_RETAIN_SELF = YES;
				CLANG_WARN_OBJC_LITERAL_CONVERSION = YES;
				CLANG_WARN_OBJC_ROOT_CLASS = YES_ERROR;
				CLANG_WARN_QUOTED_INCLUDE_IN_FRAMEWORK_HEADER = YES;
				CLANG_WARN_RANGE_LOOP_ANALYSIS = YES;
				CLANG_WARN_STRICT_PROTOTYPES = YES;
				CLANG_WARN_SUSPICIOUS_MOVE = YES;
				CLANG_WARN_UNGUARDED_AVAILABILITY = YES_AGGRESSIVE;
				CLANG_WARN_UNREACHABLE_CODE = YES;
				CLANG_WARN__DUPLICATE_METHOD_MATCH = YES;
				COPY_PHASE_STRIP = NO;
				DEBUG_INFORMATION_FORMAT = dwarf;
				ENABLE_STRICT_OBJC_MSGSEND = YES;
				ENABLE_TESTABILITY = YES;
				GCC_C_LANGUAGE_STANDARD = gnu11;
				GCC_DYNAMIC_NO_PIC = NO;
				GCC_NO_COMMON_BLOCKS = YES;
				GCC_OPTIMIZATION_LEVEL = 0;
				GCC_PREPROCESSOR_DEFINITIONS = (
					"DEBUG=1",
					"$(inherited)",
				);
				GCC_WARN_64_TO_32_BIT_CONVERSION = YES;
				GCC_WARN_ABOUT_RETURN_TYPE = YES_ERROR;
				GCC_WARN_UNDECLARED_SELECTOR = YES;
				GCC_WARN_UNINITIALIZED_AUTOS = YES_AGGRESSIVE;
				GCC_WARN_UNUSED_FUNCTION = YES;
				GCC_WARN_UNUSED_VARIABLE = YES;
				MACOSX_DEPLOYMENT_TARGET = 11.3;
				MTL_ENABLE_DEBUG_INFO = INCLUDE_SOURCE;
				MTL_FAST_MATH = YES;
				ONLY_ACTIVE_ARCH = YES;
				SDKROOT = macosx;
			};
			name = Debug;
		};
		9AF98E49265DE826003AA1F2 /* Release */ = {
			isa = XCBuildConfiguration;
			buildSettings = {
				ALWAYS_SEARCH_USER_PATHS = NO;
				CLANG_ANALYZER_NONNULL = YES;
				CLANG_ANALYZER_NUMBER_OBJECT_CONVERSION = YES_AGGRESSIVE;
				CLANG_CXX_LANGUAGE_STANDARD = "gnu++14";
				CLANG_CXX_LIBRARY = "libc++";
				CLANG_ENABLE_MODULES = YES;
				CLANG_ENABLE_OBJC_ARC = YES;
				CLANG_ENABLE_OBJC_WEAK = YES;
				CLANG_WARN_BLOCK_CAPTURE_AUTORELEASING = YES;
				CLANG_WARN_BOOL_CONVERSION = YES;
				CLANG_WARN_COMMA = YES;
				CLANG_WARN_CONSTANT_CONVERSION = YES;
				CLANG_WARN_DEPRECATED_OBJC_IMPLEMENTATIONS = YES;
				CLANG_WARN_DIRECT_OBJC_ISA_USAGE = YES_ERROR;
				CLANG_WARN_DOCUMENTATION_COMMENTS = YES;
				CLANG_WARN_EMPTY_BODY = YES;
				CLANG_WARN_ENUM_CONVERSION = YES;
				CLANG_WARN_INFINITE_RECURSION = YES;
				CLANG_WARN_INT_CONVERSION = YES;
				CLANG_WARN_NON_LITERAL_NULL_CONVERSION = YES;
				CLANG_WARN_OBJC_IMPLICIT_RETAIN_SELF = YES;
				CLANG_WARN_OBJC_LITERAL_CONVERSION = YES;
				CLANG_WARN_OBJC_ROOT_CLASS = YES_ERROR;
				CLANG_WARN_QUOTED_INCLUDE_IN_FRAMEWORK_HEADER = YES;
				CLANG_WARN_RANGE_LOOP_ANALYSIS = YES;
				CLANG_WARN_STRICT_PROTOTYPES = YES;
				CLANG_WARN_SUSPICIOUS_MOVE = YES;
				CLANG_WARN_UNGUARDED_AVAILABILITY = YES_AGGRESSIVE;
				CLANG_WARN_UNREACHABLE_CODE = YES;
				CLANG_WARN__DUPLICATE_METHOD_MATCH = YES;
				COPY_PHASE_STRIP = NO;
				DEBUG_INFORMATION_FORMAT = "dwarf-with-dsym";
				ENABLE_NS_ASSERTIONS = NO;
				ENABLE_STRICT_OBJC_MSGSEND = YES;
				GCC_C_LANGUAGE_STANDARD = gnu11;
				GCC_NO_COMMON_BLOCKS = YES;
				GCC_WARN_64_TO_32_BIT_CONVERSION = YES;
				GCC_WARN_ABOUT_RETURN_TYPE = YES_ERROR;
				GCC_WARN_UNDECLARED_SELECTOR = YES;
				GCC_WARN_UNINITIALIZED_AUTOS = YES_AGGRESSIVE;
				GCC_WARN_UNUSED_FUNCTION = YES;
				GCC_WARN_UNUSED_VARIABLE = YES;
				MACOSX_DEPLOYMENT_TARGET = 11.3;
				MTL_ENABLE_DEBUG_INFO = NO;
				MTL_FAST_MATH = YES;
				SDKROOT = macosx;
			};
			name = Release;
		};
		9AF98E4B265DE826003AA1F2 /* Debug */ = {
			isa = XCBuildConfiguration;
			buildSettings = {
				CODE_SIGN_STYLE = Automatic;
				PRODUCT_NAME = "$(TARGET_NAME)";
			};
			name = Debug;
		};
		9AF98E4C265DE826003AA1F2 /* Release */ = {
			isa = XCBuildConfiguration;
			buildSettings = {
				CODE_SIGN_STYLE = Automatic;
				PRODUCT_NAME = "$(TARGET_NAME)";
			};
			name = Release;
		};
/* End XCBuildConfiguration section */

/* Begin XCConfigurationList section */
		9AF98E3E265DE826003AA1F2 /* Build configuration list for PBXProject "AlgorithmC" */ = {
			isa = XCConfigurationList;
			buildConfigurations = (
				9AF98E48265DE826003AA1F2 /* Debug */,
				9AF98E49265DE826003AA1F2 /* Release */,
			);
			defaultConfigurationIsVisible = 0;
			defaultConfigurationName = Release;
		};
		9AF98E4A265DE826003AA1F2 /* Build configuration list for PBXNativeTarget "AlgorithmC" */ = {
			isa = XCConfigurationList;
			buildConfigurations = (
				9AF98E4B265DE826003AA1F2 /* Debug */,
				9AF98E4C265DE826003AA1F2 /* Release */,
			);
			defaultConfigurationIsVisible = 0;
			defaultConfigurationName = Release;
		};
/* End XCConfigurationList section */
	};
	rootObject = 9AF98E3B265DE826003AA1F2 /* Project object */;
}
